<Solution>
  <Configurations>
    <BuildType Name="Debug" />
    <BuildType Name="Release" />
    <Platform Name="Any CPU" />
  </Configurations>
  <Project Path="Tesserae.Pdf/Tesserae.Pdf.csproj" />
  <Project Path="Tesserae.Pdf.Sample/Tesserae.Pdf.Sample.csproj" />
  <Folder Name="/DevOps/">
    <File Path=".azure-devops/build-nuget-transpose.yml" />
    <File Path=".github/workflows/pages.yml" />
    <File Path="scripts/stage-samples.mjs" />
  </Folder>
</Solution>
